// !$*UTF8*$!
{
	archiveVersion = 1;
	classes = {
	};
	objectVersion = 50;
	objects = {

/* Begin PBXBuildFile section */
		F4EBE1EC246A4C0E002D38FE /* AppDelegate.swift in Sources */ = {isa = PBXBuildFile; fileRef = F4EBE1EB246A4C0E002D38FE /* AppDelegate.swift */; };
		F4EBE1EE246A4C0E002D38FE /* SceneDelegate.swift in Sources */ = {isa = PBXBuildFile; fileRef = F4EBE1ED246A4C0E002D38FE /* SceneDelegate.swift */; };
		F4EBE1F0246A4C0E002D38FE /* ViewController.swift in Sources */ = {isa = PBXBuildFile; fileRef = F4EBE1EF246A4C0E002D38FE /* ViewController.swift */; };
		F4EBE1F3246A4C0E002D38FE /* Main.storyboard in Resources */ = {isa = PBXBuildFile; fileRef = F4EBE1F1246A4C0E002D38FE /* Main.storyboard */; };
		F4EBE1F5246A4C10002D38FE /* Assets.xcassets in Resources */ = {isa = PBXBuildFile; fileRef = F4EBE1F4246A4C10002D38FE /* Assets.xcassets */; };
		F4EBE1F8246A4C10002D38FE /* LaunchScreen.storyboard in Resources */ = {isa = PBXBuildFile; fileRef = F4EBE1F6246A4C10002D38FE /* LaunchScreen.storyboard */; };
		F4EBE203246A4C10002D38FE /* DrinksListTests.swift in Sources */ = {isa = PBXBuildFile; fileRef = F4EBE202246A4C10002D38FE /* DrinksListTests.swift */; };
		F4EBE20E246A4C11002D38FE /* DrinksListUITests.swift in Sources */ = {isa = PBXBuildFile; fileRef = F4EBE20D246A4C11002D38FE /* DrinksListUITests.swift */; };
/* End PBXBuildFile section */

/* Begin PBXContainerItemProxy section */
		F4EBE1FF246A4C10002D38FE /* PBXContainerItemProxy */ = {
			isa = PBXContainerItemProxy;
			containerPortal = F4EBE1E0246A4C0E002D38FE /* Project object */;
			proxyType = 1;
			remoteGlobalIDString = F4EBE1E7246A4C0E002D38FE;
			remoteInfo = DrinksList;
		};
		F4EBE20A246A4C10002D38FE /* PBXContainerItemProxy */ = {
			isa = PBXContainerItemProxy;
			containerPortal = F4EBE1E0246A4C0E002D38FE /* Project object */;
			proxyType = 1;
			remoteGlobalIDString = F4EBE1E7246A4C0E002D38FE;
			remoteInfo = DrinksList;
		};
/* End PBXContainerItemProxy section */

/* Begin PBXFileReference section */
		F4EBE1E8246A4C0E002D38FE /* DrinksList.app */ = {isa = PBXFileReference; explicitFileType = wrapper.application; includeInIndex = 0; path = DrinksList.app; sourceTree = BUILT_PRODUCTS_DIR; };
		F4EBE1EB246A4C0E002D38FE /* AppDelegate.swift */ = {isa = PBXFileReference; lastKnownFileType = sourcecode.swift; path = AppDelegate.swift; sourceTree = "<group>"; };
		F4EBE1ED246A4C0E002D38FE /* SceneDelegate.swift */ = {isa = PBXFileReference; lastKnownFileType = sourcecode.swift; path = SceneDelegate.swift; sourceTree = "<group>"; };
		F4EBE1EF246A4C0E002D38FE /* ViewController.swift */ = {isa = PBXFileReference; lastKnownFileType = sourcecode.swift; path = ViewController.swift; sourceTree = "<group>"; };
		F4EBE1F2246A4C0E002D38FE /* Base */ = {isa = PBXFileReference; lastKnownFileType = file.storyboard; name = Base; path = Base.lproj/Main.storyboard; sourceTree = "<group>"; };
		F4EBE1F4246A4C10002D38FE /* Assets.xcassets */ = {isa = PBXFileReference; lastKnownFileType = folder.assetcatalog; path = Assets.xcassets; sourceTree = "<group>"; };
		F4EBE1F7246A4C10002D38FE /* Base */ = {isa = PBXFileReference; lastKnownFileType = file.storyboard; name = Base; path = Base.lproj/LaunchScreen.storyboard; sourceTree = "<group>"; };
		F4EBE1F9246A4C10002D38FE /* Info.plist */ = {isa = PBXFileReference; lastKnownFileType = text.plist.xml; path = Info.plist; sourceTree = "<group>"; };
		F4EBE1FE246A4C10002D38FE /* DrinksListTests.xctest */ = {isa = PBXFileReference; explicitFileType = wrapper.cfbundle; includeInIndex = 0; path = DrinksListTests.xctest; sourceTree = BUILT_PRODUCTS_DIR; };
		F4EBE202246A4C10002D38FE /* DrinksListTests.swift */ = {isa = PBXFileReference; lastKnownFileType = sourcecode.swift; path = DrinksListTests.swift; sourceTree = "<group>"; };
		F4EBE204246A4C10002D38FE /* Info.plist */ = {isa = PBXFileReference; lastKnownFileType = text.plist.xml; path = Info.plist; sourceTree = "<group>"; };
		F4EBE209246A4C10002D38FE /* DrinksListUITests.xctest */ = {isa = PBXFileReference; explicitFileType = wrapper.cfbundle; includeInIndex = 0; path = DrinksListUITests.xctest; sourceTree = BUILT_PRODUCTS_DIR; };
		F4EBE20D246A4C11002D38FE /* DrinksListUITests.swift */ = {isa = PBXFileReference; lastKnownFileType = sourcecode.swift; path = DrinksListUITests.swift; sourceTree = "<group>"; };
		F4EBE20F246A4C11002D38FE /* Info.plist */ = {isa = PBXFileReference; lastKnownFileType = text.plist.xml; path = Info.plist; sourceTree = "<group>"; };
/* End PBXFileReference section */

/* Begin PBXFrameworksBuildPhase section */
		F4EBE1E5246A4C0E002D38FE /* Frameworks */ = {
			isa = PBXFrameworksBuildPhase;
			buildActionMask = 2147483647;
			files = (
			);
			runOnlyForDeploymentPostprocessing = 0;
		};
		F4EBE1FB246A4C10002D38FE /* Frameworks */ = {
			isa = PBXFrameworksBuildPhase;
			buildActionMask = 2147483647;
			files = (
			);
			runOnlyForDeploymentPostprocessing = 0;
		};
		F4EBE206246A4C10002D38FE /* Frameworks */ = {
			isa = PBXFrameworksBuildPhase;
			buildActionMask = 2147483647;
			files = (
			);
			runOnlyForDeploymentPostprocessing = 0;
		};
/* End PBXFrameworksBuildPhase section */

/* Begin PBXGroup section */
		F4EBE1DF246A4C0E002D38FE = {
			isa = PBXGroup;
			children = (
				F4EBE1EA246A4C0E002D38FE /* DrinksList */,
				F4EBE201246A4C10002D38FE /* DrinksListTests */,
				F4EBE20C246A4C11002D38FE /* DrinksListUITests */,
				F4EBE1E9246A4C0E002D38FE /* Products */,
			);
			sourceTree = "<group>";
		};
		F4EBE1E9246A4C0E002D38FE /* Products */ = {
			isa = PBXGroup;
			children = (
				F4EBE1E8246A4C0E002D38FE /* DrinksList.app */,
				F4EBE1FE246A4C10002D38FE /* DrinksListTests.xctest */,
				F4EBE209246A4C10002D38FE /* DrinksListUITests.xctest */,
			);
			name = Products;
			sourceTree = "<group>";
		};
		F4EBE1EA246A4C0E002D38FE /* DrinksList */ = {
			isa = PBXGroup;
			children = (
				F4EBE1EB246A4C0E002D38FE /* AppDelegate.swift */,
				F4EBE1ED246A4C0E002D38FE /* SceneDelegate.swift */,
				F4EBE1EF246A4C0E002D38FE /* ViewController.swift */,
				F4EBE1F1246A4C0E002D38FE /* Main.storyboard */,
				F4EBE1F4246A4C10002D38FE /* Assets.xcassets */,
				F4EBE1F6246A4C10002D38FE /* LaunchScreen.storyboard */,
				F4EBE1F9246A4C10002D38FE /* Info.plist */,
			);
			path = DrinksList;
			sourceTree = "<group>";
		};
		F4EBE201246A4C10002D38FE /* DrinksListTests */ = {
			isa = PBXGroup;
			children = (
				F4EBE202246A4C10002D38FE /* DrinksListTests.swift */,
				F4EBE204246A4C10002D38FE /* Info.plist */,
			);
			path = DrinksListTests;
			sourceTree = "<group>";
		};
		F4EBE20C246A4C11002D38FE /* DrinksListUITests */ = {
			isa = PBXGroup;
			children = (
				F4EBE20D246A4C11002D38FE /* DrinksListUITests.swift */,
				F4EBE20F246A4C11002D38FE /* Info.plist */,
			);
			path = DrinksListUITests;
			sourceTree = "<group>";
		};
/* End PBXGroup section */

/* Begin PBXNativeTarget section */
		F4EBE1E7246A4C0E002D38FE /* DrinksList */ = {
			isa = PBXNativeTarget;
			buildConfigurationList = F4EBE212246A4C11002D38FE /* Build configuration list for PBXNativeTarget "DrinksList" */;
			buildPhases = (
				F4EBE1E4246A4C0E002D38FE /* Sources */,
				F4EBE1E5246A4C0E002D38FE /* Frameworks */,
				F4EBE1E6246A4C0E002D38FE /* Resources */,
			);
			buildRules = (
			);
			dependencies = (
			);
			name = DrinksList;
			productName = DrinksList;
			productReference = F4EBE1E8246A4C0E002D38FE /* DrinksList.app */;
			productType = "com.apple.product-type.application";
		};
		F4EBE1FD246A4C10002D38FE /* DrinksListTests */ = {
			isa = PBXNativeTarget;
			buildConfigurationList = F4EBE215246A4C11002D38FE /* Build configuration list for PBXNativeTarget "DrinksListTests" */;
			buildPhases = (
				F4EBE1FA246A4C10002D38FE /* Sources */,
				F4EBE1FB246A4C10002D38FE /* Frameworks */,
				F4EBE1FC246A4C10002D38FE /* Resources */,
			);
			buildRules = (
			);
			dependencies = (
				F4EBE200246A4C10002D38FE /* PBXTargetDependency */,
			);
			name = DrinksListTests;
			productName = DrinksListTests;
			productReference = F4EBE1FE246A4C10002D38FE /* DrinksListTests.xctest */;
			productType = "com.apple.product-type.bundle.unit-test";
		};
		F4EBE208246A4C10002D38FE /* DrinksListUITests */ = {
			isa = PBXNativeTarget;
			buildConfigurationList = F4EBE218246A4C11002D38FE /* Build configuration list for PBXNativeTarget "DrinksListUITests" */;
			buildPhases = (
				F4EBE205246A4C10002D38FE /* Sources */,
				F4EBE206246A4C10002D38FE /* Frameworks */,
				F4EBE207246A4C10002D38FE /* Resources */,
			);
			buildRules = (
			);
			dependencies = (
				F4EBE20B246A4C10002D38FE /* PBXTargetDependency */,
			);
			name = DrinksListUITests;
			productName = DrinksListUITests;
			productReference = F4EBE209246A4C10002D38FE /* DrinksListUITests.xctest */;
			productType = "com.apple.product-type.bundle.ui-testing";
		};
/* End PBXNativeTarget section */

/* Begin PBXProject section */
		F4EBE1E0246A4C0E002D38FE /* Project object */ = {
			isa = PBXProject;
			attributes = {
				LastSwiftUpdateCheck = 1110;
				LastUpgradeCheck = 1110;
				ORGANIZATIONNAME = "Erick Kaique Da Silva";
				TargetAttributes = {
					F4EBE1E7246A4C0E002D38FE = {
						CreatedOnToolsVersion = 11.1;
					};
					F4EBE1FD246A4C10002D38FE = {
						CreatedOnToolsVersion = 11.1;
						TestTargetID = F4EBE1E7246A4C0E002D38FE;
					};
					F4EBE208246A4C10002D38FE = {
						CreatedOnToolsVersion = 11.1;
						TestTargetID = F4EBE1E7246A4C0E002D38FE;
					};
				};
			};
			buildConfigurationList = F4EBE1E3246A4C0E002D38FE /* Build configuration list for PBXProject "DrinksList" */;
			compatibilityVersion = "Xcode 9.3";
			developmentRegion = en;
			hasScannedForEncodings = 0;
			knownRegions = (
				en,
				Base,
			);
			mainGroup = F4EBE1DF246A4C0E002D38FE;
			productRefGroup = F4EBE1E9246A4C0E002D38FE /* Products */;
			projectDirPath = "";
			projectRoot = "";
			targets = (
				F4EBE1E7246A4C0E002D38FE /* DrinksList */,
				F4EBE1FD246A4C10002D38FE /* DrinksListTests */,
				F4EBE208246A4C10002D38FE /* DrinksListUITests */,
			);
		};
/* End PBXProject section */

/* Begin PBXResourcesBuildPhase section */
		F4EBE1E6246A4C0E002D38FE /* Resources */ = {
			isa = PBXResourcesBuildPhase;
			buildActionMask = 2147483647;
			files = (
				F4EBE1F8246A4C10002D38FE /* LaunchScreen.storyboard in Resources */,
				F4EBE1F5246A4C10002D38FE /* Assets.xcassets in Resources */,
				F4EBE1F3246A4C0E002D38FE /* Main.storyboard in Resources */,
			);
			runOnlyForDeploymentPostprocessing = 0;
		};
		F4EBE1FC246A4C10002D38FE /* Resources */ = {
			isa = PBXResourcesBuildPhase;
			buildActionMask = 2147483647;
			files = (
			);
			runOnlyForDeploymentPostprocessing = 0;
		};
		F4EBE207246A4C10002D38FE /* Resources */ = {
			isa = PBXResourcesBuildPhase;
			buildActionMask = 2147483647;
			files = (
			);
			runOnlyForDeploymentPostprocessing = 0;
		};
/* End PBXResourcesBuildPhase section */

/* Begin PBXSourcesBuildPhase section */
		F4EBE1E4246A4C0E002D38FE /* Sources */ = {
			isa = PBXSourcesBuildPhase;
			buildActionMask = 2147483647;
			files = (
				F4EBE1F0246A4C0E002D38FE /* ViewController.swift in Sources */,
				F4EBE1EC246A4C0E002D38FE /* AppDelegate.swift in Sources */,
				F4EBE1EE246A4C0E002D38FE /* SceneDelegate.swift in Sources */,
			);
			runOnlyForDeploymentPostprocessing = 0;
		};
		F4EBE1FA246A4C10002D38FE /* Sources */ = {
			isa = PBXSourcesBuildPhase;
			buildActionMask = 2147483647;
			files = (
				F4EBE203246A4C10002D38FE /* DrinksListTests.swift in Sources */,
			);
			runOnlyForDeploymentPostprocessing = 0;
		};
		F4EBE205246A4C10002D38FE /* Sources */ = {
			isa = PBXSourcesBuildPhase;
			buildActionMask = 2147483647;
			files = (
				F4EBE20E246A4C11002D38FE /* DrinksListUITests.swift in Sources */,
			);
			runOnlyForDeploymentPostprocessing = 0;
		};
/* End PBXSourcesBuildPhase section */

/* Begin PBXTargetDependency section */
		F4EBE200246A4C10002D38FE /* PBXTargetDependency */ = {
			isa = PBXTargetDependency;
			target = F4EBE1E7246A4C0E002D38FE /* DrinksList */;
			targetProxy = F4EBE1FF246A4C10002D38FE /* PBXContainerItemProxy */;
		};
		F4EBE20B246A4C10002D38FE /* PBXTargetDependency */ = {
			isa = PBXTargetDependency;
			target = F4EBE1E7246A4C0E002D38FE /* DrinksList */;
			targetProxy = F4EBE20A246A4C10002D38FE /* PBXContainerItemProxy */;
		};
/* End PBXTargetDependency section */

/* Begin PBXVariantGroup section */
		F4EBE1F1246A4C0E002D38FE /* Main.storyboard */ = {
			isa = PBXVariantGroup;
			children = (
				F4EBE1F2246A4C0E002D38FE /* Base */,
			);
			name = Main.storyboard;
			sourceTree = "<group>";
		};
		F4EBE1F6246A4C10002D38FE /* LaunchScreen.storyboard */ = {
			isa = PBXVariantGroup;
			children = (
				F4EBE1F7246A4C10002D38FE /* Base */,
			);
			name = LaunchScreen.storyboard;
			sourceTree = "<group>";
		};
/* End PBXVariantGroup section */

/* Begin XCBuildConfiguration section */
		F4EBE210246A4C11002D38FE /* Debug */ = {
			isa = XCBuildConfiguration;
			buildSettings = {
				ALWAYS_SEARCH_USER_PATHS = NO;
				CLANG_ANALYZER_NONNULL = YES;
				CLANG_ANALYZER_NUMBER_OBJECT_CONVERSION = YES_AGGRESSIVE;
				CLANG_CXX_LANGUAGE_STANDARD = "gnu++14";
				CLANG_CXX_LIBRARY = "libc++";
				CLANG_ENABLE_MODULES = YES;
				CLANG_ENABLE_OBJC_ARC = YES;
				CLANG_ENABLE_OBJC_WEAK = YES;
				CLANG_WARN_BLOCK_CAPTURE_AUTORELEASING = YES;
				CLANG_WARN_BOOL_CONVERSION = YES;
				CLANG_WARN_COMMA = YES;
				CLANG_WARN_CONSTANT_CONVERSION = YES;
				CLANG_WARN_DEPRECATED_OBJC_IMPLEMENTATIONS = YES;
				CLANG_WARN_DIRECT_OBJC_ISA_USAGE = YES_ERROR;
				CLANG_WARN_DOCUMENTATION_COMMENTS = YES;
				CLANG_WARN_EMPTY_BODY = YES;
				CLANG_WARN_ENUM_CONVERSION = YES;
				CLANG_WARN_INFINITE_RECURSION = YES;
				CLANG_WARN_INT_CONVERSION = YES;
				CLANG_WARN_NON_LITERAL_NULL_CONVERSION = YES;
				CLANG_WARN_OBJC_IMPLICIT_RETAIN_SELF = YES;
				CLANG_WARN_OBJC_LITERAL_CONVERSION = YES;
				CLANG_WARN_OBJC_ROOT_CLASS = YES_ERROR;
				CLANG_WARN_RANGE_LOOP_ANALYSIS = YES;
				CLANG_WARN_STRICT_PROTOTYPES = YES;
				CLANG_WARN_SUSPICIOUS_MOVE = YES;
				CLANG_WARN_UNGUARDED_AVAILABILITY = YES_AGGRESSIVE;
				CLANG_WARN_UNREACHABLE_CODE = YES;
				CLANG_WARN__DUPLICATE_METHOD_MATCH = YES;
				COPY_PHASE_STRIP = NO;
				DEBUG_INFORMATION_FORMAT = dwarf;
				ENABLE_STRICT_OBJC_MSGSEND = YES;
				ENABLE_TESTABILITY = YES;
				GCC_C_LANGUAGE_STANDARD = gnu11;
				GCC_DYNAMIC_NO_PIC = NO;
				GCC_NO_COMMON_BLOCKS = YES;
				GCC_OPTIMIZATION_LEVEL = 0;
				GCC_PREPROCESSOR_DEFINITIONS = (
					"DEBUG=1",
					"$(inherited)",
				);
				GCC_WARN_64_TO_32_BIT_CONVERSION = YES;
				GCC_WARN_ABOUT_RETURN_TYPE = YES_ERROR;
				GCC_WARN_UNDECLARED_SELECTOR = YES;
				GCC_WARN_UNINITIALIZED_AUTOS = YES_AGGRESSIVE;
				GCC_WARN_UNUSED_FUNCTION = YES;
				GCC_WARN_UNUSED_VARIABLE = YES;
				IPHONEOS_DEPLOYMENT_TARGET = 13.1;
				MTL_ENABLE_DEBUG_INFO = INCLUDE_SOURCE;
				MTL_FAST_MATH = YES;
				ONLY_ACTIVE_ARCH = YES;
				SDKROOT = iphoneos;
				SWIFT_ACTIVE_COMPILATION_CONDITIONS = DEBUG;
				SWIFT_OPTIMIZATION_LEVEL = "-Onone";
			};
			name = Debug;
		};
		F4EBE211246A4C11002D38FE /* Release */ = {
			isa = XCBuildConfiguration;
			buildSettings = {
				ALWAYS_SEARCH_USER_PATHS = NO;
				CLANG_ANALYZER_NONNULL = YES;
				CLANG_ANALYZER_NUMBER_OBJECT_CONVERSION = YES_AGGRESSIVE;
				CLANG_CXX_LANGUAGE_STANDARD = "gnu++14";
				CLANG_CXX_LIBRARY = "libc++";
				CLANG_ENABLE_MODULES = YES;
				CLANG_ENABLE_OBJC_ARC = YES;
				CLANG_ENABLE_OBJC_WEAK = YES;
				CLANG_WARN_BLOCK_CAPTURE_AUTORELEASING = YES;
				CLANG_WARN_BOOL_CONVERSION = YES;
				CLANG_WARN_COMMA = YES;
				CLANG_WARN_CONSTANT_CONVERSION = YES;
				CLANG_WARN_DEPRECATED_OBJC_IMPLEMENTATIONS = YES;
				CLANG_WARN_DIRECT_OBJC_ISA_USAGE = YES_ERROR;
				CLANG_WARN_DOCUMENTATION_COMMENTS = YES;
				CLANG_WARN_EMPTY_BODY = YES;
				CLANG_WARN_ENUM_CONVERSION = YES;
				CLANG_WARN_INFINITE_RECURSION = YES;
				CLANG_WARN_INT_CONVERSION = YES;
				CLANG_WARN_NON_LITERAL_NULL_CONVERSION = YES;
				CLANG_WARN_OBJC_IMPLICIT_RETAIN_SELF = YES;
				CLANG_WARN_OBJC_LITERAL_CONVERSION = YES;
				CLANG_WARN_OBJC_ROOT_CLASS = YES_ERROR;
				CLANG_WARN_RANGE_LOOP_ANALYSIS = YES;
				CLANG_WARN_STRICT_PROTOTYPES = YES;
				CLANG_WARN_SUSPICIOUS_MOVE = YES;
				CLANG_WARN_UNGUARDED_AVAILABILITY = YES_AGGRESSIVE;
				CLANG_WARN_UNREACHABLE_CODE = YES;
				CLANG_WARN__DUPLICATE_METHOD_MATCH = YES;
				COPY_PHASE_STRIP = NO;
				DEBUG_INFORMATION_FORMAT = "dwarf-with-dsym";
				ENABLE_NS_ASSERTIONS = NO;
				ENABLE_STRICT_OBJC_MSGSEND = YES;
				GCC_C_LANGUAGE_STANDARD = gnu11;
				GCC_NO_COMMON_BLOCKS = YES;
				GCC_WARN_64_TO_32_BIT_CONVERSION = YES;
				GCC_WARN_ABOUT_RETURN_TYPE = YES_ERROR;
				GCC_WARN_UNDECLARED_SELECTOR = YES;
				GCC_WARN_UNINITIALIZED_AUTOS = YES_AGGRESSIVE;
				GCC_WARN_UNUSED_FUNCTION = YES;
				GCC_WARN_UNUSED_VARIABLE = YES;
				IPHONEOS_DEPLOYMENT_TARGET = 13.1;
				MTL_ENABLE_DEBUG_INFO = NO;
				MTL_FAST_MATH = YES;
				SDKROOT = iphoneos;
				SWIFT_COMPILATION_MODE = wholemodule;
				SWIFT_OPTIMIZATION_LEVEL = "-O";
				VALIDATE_PRODUCT = YES;
			};
			name = Release;
		};
		F4EBE213246A4C11002D38FE /* Debug */ = {
			isa = XCBuildConfiguration;
			buildSettings = {
				ASSETCATALOG_COMPILER_APPICON_NAME = AppIcon;
				CODE_SIGN_STYLE = Automatic;
				DEVELOPMENT_TEAM = 7ZX4RPFXFH;
				INFOPLIST_FILE = DrinksList/Info.plist;
				LD_RUNPATH_SEARCH_PATHS = (
					"$(inherited)",
					"@executable_path/Frameworks",
				);
				PRODUCT_BUNDLE_IDENTIFIER = br.com.ericksilva.DrinksList;
				PRODUCT_NAME = "$(TARGET_NAME)";
				SWIFT_VERSION = 5.0;
				TARGETED_DEVICE_FAMILY = "1,2";
			};
			name = Debug;
		};
		F4EBE214246A4C11002D38FE /* Release */ = {
			isa = XCBuildConfiguration;
			buildSettings = {
				ASSETCATALOG_COMPILER_APPICON_NAME = AppIcon;
				CODE_SIGN_STYLE = Automatic;
				DEVELOPMENT_TEAM = 7ZX4RPFXFH;
				INFOPLIST_FILE = DrinksList/Info.plist;
				LD_RUNPATH_SEARCH_PATHS = (
					"$(inherited)",
					"@executable_path/Frameworks",
				);
				PRODUCT_BUNDLE_IDENTIFIER = br.com.ericksilva.DrinksList;
				PRODUCT_NAME = "$(TARGET_NAME)";
				SWIFT_VERSION = 5.0;
				TARGETED_DEVICE_FAMILY = "1,2";
			};
			name = Release;
		};
		F4EBE216246A4C11002D38FE /* Debug */ = {
			isa = XCBuildConfiguration;
			buildSettings = {
				ALWAYS_EMBED_SWIFT_STANDARD_LIBRARIES = YES;
				BUNDLE_LOADER = "$(TEST_HOST)";
				CODE_SIGN_STYLE = Automatic;
				DEVELOPMENT_TEAM = 7ZX4RPFXFH;
				INFOPLIST_FILE = DrinksListTests/Info.plist;
				IPHONEOS_DEPLOYMENT_TARGET = 13.1;
				LD_RUNPATH_SEARCH_PATHS = (
					"$(inherited)",
					"@executable_path/Frameworks",
					"@loader_path/Frameworks",
				);
				PRODUCT_BUNDLE_IDENTIFIER = br.com.ericksilva.DrinksListTests;
				PRODUCT_NAME = "$(TARGET_NAME)";
				SWIFT_VERSION = 5.0;
				TARGETED_DEVICE_FAMILY = "1,2";
				TEST_HOST = "$(BUILT_PRODUCTS_DIR)/DrinksList.app/DrinksList";
			};
			name = Debug;
		};
		F4EBE217246A4C11002D38FE /* Release */ = {
			isa = XCBuildConfiguration;
			buildSettings = {
				ALWAYS_EMBED_SWIFT_STANDARD_LIBRARIES = YES;
				BUNDLE_LOADER = "$(TEST_HOST)";
				CODE_SIGN_STYLE = Automatic;
				DEVELOPMENT_TEAM = 7ZX4RPFXFH;
				INFOPLIST_FILE = DrinksListTests/Info.plist;
				IPHONEOS_DEPLOYMENT_TARGET = 13.1;
				LD_RUNPATH_SEARCH_PATHS = (
					"$(inherited)",
					"@executable_path/Frameworks",
					"@loader_path/Frameworks",
				);
				PRODUCT_BUNDLE_IDENTIFIER = br.com.ericksilva.DrinksListTests;
				PRODUCT_NAME = "$(TARGET_NAME)";
				SWIFT_VERSION = 5.0;
				TARGETED_DEVICE_FAMILY = "1,2";
				TEST_HOST = "$(BUILT_PRODUCTS_DIR)/DrinksList.app/DrinksList";
			};
			name = Release;
		};
		F4EBE219246A4C11002D38FE /* Debug */ = {
			isa = XCBuildConfiguration;
			buildSettings = {
				ALWAYS_EMBED_SWIFT_STANDARD_LIBRARIES = YES;
				CODE_SIGN_STYLE = Automatic;
				DEVELOPMENT_TEAM = 7ZX4RPFXFH;
				INFOPLIST_FILE = DrinksListUITests/Info.plist;
				LD_RUNPATH_SEARCH_PATHS = (
					"$(inherited)",
					"@executable_path/Frameworks",
					"@loader_path/Frameworks",
				);
				PRODUCT_BUNDLE_IDENTIFIER = br.com.ericksilva.DrinksListUITests;
				PRODUCT_NAME = "$(TARGET_NAME)";
				SWIFT_VERSION = 5.0;
				TARGETED_DEVICE_FAMILY = "1,2";
				TEST_TARGET_NAME = DrinksList;
			};
			name = Debug;
		};
		F4EBE21A246A4C11002D38FE /* Release */ = {
			isa = XCBuildConfiguration;
			buildSettings = {
				ALWAYS_EMBED_SWIFT_STANDARD_LIBRARIES = YES;
				CODE_SIGN_STYLE = Automatic;
				DEVELOPMENT_TEAM = 7ZX4RPFXFH;
				INFOPLIST_FILE = DrinksListUITests/Info.plist;
				LD_RUNPATH_SEARCH_PATHS = (
					"$(inherited)",
					"@executable_path/Frameworks",
					"@loader_path/Frameworks",
				);
				PRODUCT_BUNDLE_IDENTIFIER = br.com.ericksilva.DrinksListUITests;
				PRODUCT_NAME = "$(TARGET_NAME)";
				SWIFT_VERSION = 5.0;
				TARGETED_DEVICE_FAMILY = "1,2";
				TEST_TARGET_NAME = DrinksList;
			};
			name = Release;
		};
/* End XCBuildConfiguration section */

/* Begin XCConfigurationList section */
		F4EBE1E3246A4C0E002D38FE /* Build configuration list for PBXProject "DrinksList" */ = {
			isa = XCConfigurationList;
			buildConfigurations = (
				F4EBE210246A4C11002D38FE /* Debug */,
				F4EBE211246A4C11002D38FE /* Release */,
			);
			defaultConfigurationIsVisible = 0;
			defaultConfigurationName = Release;
		};
		F4EBE212246A4C11002D38FE /* Build configuration list for PBXNativeTarget "DrinksList" */ = {
			isa = XCConfigurationList;
			buildConfigurations = (
				F4EBE213246A4C11002D38FE /* Debug */,
				F4EBE214246A4C11002D38FE /* Release */,
			);
			defaultConfigurationIsVisible = 0;
			defaultConfigurationName = Release;
		};
		F4EBE215246A4C11002D38FE /* Build configuration list for PBXNativeTarget "DrinksListTests" */ = {
			isa = XCConfigurationList;
			buildConfigurations = (
				F4EBE216246A4C11002D38FE /* Debug */,
				F4EBE217246A4C11002D38FE /* Release */,
			);
			defaultConfigurationIsVisible = 0;
			defaultConfigurationName = Release;
		};
		F4EBE218246A4C11002D38FE /* Build configuration list for PBXNativeTarget "DrinksListUITests" */ = {
			isa = XCConfigurationList;
			buildConfigurations = (
				F4EBE219246A4C11002D38FE /* Debug */,
				F4EBE21A246A4C11002D38FE /* Release */,
			);
			defaultConfigurationIsVisible = 0;
			defaultConfigurationName = Release;
		};
/* End XCConfigurationList section */
	};
	rootObject = F4EBE1E0246A4C0E002D38FE /* Project object */;
}
